
Microsoft Visual Studio Solution File, Format Version 12.00
# Visual Studio Version 17
VisualStudioVersion = 17.9.34728.123
MinimumVisualStudioVersion = 10.0.40219.1
Project("{FAE04EC0-301F-11D3-BF4B-00C04F79EFBC}") = "PluginRunner", "PluginRunner.csproj", "{A25964C9-B85E-4B94-BB2A-8F710E1BFDA9}"
EndProject
Global
	GlobalSection(SolutionConfigurationPlatforms) = preSolution
		Debug|Any CPU = Debug|Any CPU
		Release|Any CPU = Release|Any CPU
	EndGlobalSection
	GlobalSection(ProjectConfigurationPlatforms) = postSolution
		{A25964C9-B85E-4B94-BB2A-8F710E1BFDA9}.Debug|Any CPU.ActiveCfg = Debug|Any CPU
		{A25964C9-B85E-4B94-BB2A-8F710E1BFDA9}.Debug|Any CPU.Build.0 = Debug|Any CPU
		{A25964C9-B85E-4B94-BB2A-8F710E1BFDA9}.Release|Any CPU.ActiveCfg = Release|Any CPU
		{A25964C9-B85E-4B94-BB2A-8F710E1BFDA9}.Release|Any CPU.Build.0 = Release|Any CPU
	EndGlobalSection
	GlobalSection(SolutionProperties) = preSolution
		HideSolutionNode = FALSE
	EndGlobalSection
	GlobalSection(ExtensibilityGlobals) = postSolution
		SolutionGuid = {D52D378A-D819-43E8-8AF7-C5F218069003}
	EndGlobalSection
EndGlobal
